
Microsoft Visual Studio Solution File, Format Version 12.00
# Visual Studio 14
VisualStudioVersion = 14.0.24720.0
MinimumVisualStudioVersion = 10.0.40219.1
Project("{FAE04EC0-301F-11D3-BF4B-00C04F79EFBC}") = "LazyEntityGraph.Core", "LazyEntityGraph.Core\LazyEntityGraph.Core.csproj", "{22FF6382-B4A4-4259-91B4-7554D0BD050D}"
EndProject
Project("{FAE04EC0-301F-11D3-BF4B-00C04F79EFBC}") = "LazyEntityGraph.AutoFixture", "LazyEntityGraph.AutoFixture\LazyEntityGraph.AutoFixture.csproj", "{A2560FE5-D76D-49CD-9D9F-E34B6235B0F3}"
EndProject
Global
	GlobalSection(SolutionConfigurationPlatforms) = preSolution
		Debug|Any CPU = Debug|Any CPU
		Release|Any CPU = Release|Any CPU
	EndGlobalSection
	GlobalSection(ProjectConfigurationPlatforms) = postSolution
		{22FF6382-B4A4-4259-91B4-7554D0BD050D}.Debug|Any CPU.ActiveCfg = Debug|Any CPU
		{22FF6382-B4A4-4259-91B4-7554D0BD050D}.Debug|Any CPU.Build.0 = Debug|Any CPU
		{22FF6382-B4A4-4259-91B4-7554D0BD050D}.Release|Any CPU.ActiveCfg = Release|Any CPU
		{22FF6382-B4A4-4259-91B4-7554D0BD050D}.Release|Any CPU.Build.0 = Release|Any CPU
		{A2560FE5-D76D-49CD-9D9F-E34B6235B0F3}.Debug|Any CPU.ActiveCfg = Debug|Any CPU
		{A2560FE5-D76D-49CD-9D9F-E34B6235B0F3}.Debug|Any CPU.Build.0 = Debug|Any CPU
		{A2560FE5-D76D-49CD-9D9F-E34B6235B0F3}.Release|Any CPU.ActiveCfg = Release|Any CPU
		{A2560FE5-D76D-49CD-9D9F-E34B6235B0F3}.Release|Any CPU.Build.0 = Release|Any CPU
	EndGlobalSection
	GlobalSection(SolutionProperties) = preSolution
		HideSolutionNode = FALSE
	EndGlobalSection
EndGlobal
