
Microsoft Visual Studio Solution File, Format Version 12.00
# Visual Studio Version 16
VisualStudioVersion = 16.0.30002.166
MinimumVisualStudioVersion = 15
Project("{9A19103F-16F7-4668-BE54-9A1E7A4F7556}") = "LazyEntityGraph.Core", "LazyEntityGraph.Core\LazyEntityGraph.Core.csproj", "{22FF6382-B4A4-4259-91B4-7554D0BD050D}"
EndProject
Project("{9A19103F-16F7-4668-BE54-9A1E7A4F7556}") = "LazyEntityGraph.AutoFixture", "LazyEntityGraph.AutoFixture\LazyEntityGraph.AutoFixture.csproj", "{A2560FE5-D76D-49CD-9D9F-E34B6235B0F3}"
EndProject
Project("{9A19103F-16F7-4668-BE54-9A1E7A4F7556}") = "LazyEntityGraph.Tests", "LazyEntityGraph.Tests\LazyEntityGraph.Tests.csproj", "{1DEB42E2-18A4-4F48-9443-F20535BCF80F}"
EndProject
Project("{9A19103F-16F7-4668-BE54-9A1E7A4F7556}") = "LazyEntityGraph.EntityFramework", "LazyEntityGraph.EntityFramework\LazyEntityGraph.EntityFramework.csproj", "{35DE7C5D-017F-4250-9179-B02D9621FC94}"
EndProject
Project("{9A19103F-16F7-4668-BE54-9A1E7A4F7556}") = "LazyEntityGraph.EntityFramework.Tests", "LazyEntityGraph.EntityFramework.Tests\LazyEntityGraph.EntityFramework.Tests.csproj", "{A0DE117F-2028-4E06-9584-310A7A23F0CA}"
EndProject
Project("{9A19103F-16F7-4668-BE54-9A1E7A4F7556}") = "LazyEntityGraph.EntityFrameworkCore", "LazyEntityGraph.EntityFrameworkCore\LazyEntityGraph.EntityFrameworkCore.csproj", "{A6FD3285-16AB-4E20-B2A0-52684B45A121}"
EndProject
Project("{9A19103F-16F7-4668-BE54-9A1E7A4F7556}") = "LazyEntityGraph.EntityFrameworkCore.Tests", "LazyEntityGraph.EntityFrameworkCore.Tests\LazyEntityGraph.EntityFrameworkCore.Tests.csproj", "{079FCFA7-D9B8-41A2-B0C6-953308BA2606}"
EndProject
Project("{2150E333-8FDC-42A3-9474-1A3956D46DE8}") = "Solution Items", "Solution Items", "{BA6BD3CD-8E52-4738-8AA9-4FB7CACF98F1}"
	ProjectSection(SolutionItems) = preProject
		..\.gitignore = ..\.gitignore
		..\appveyor.yml = ..\appveyor.yml
		..\license.txt = ..\license.txt
		..\README.md = ..\README.md
	EndProjectSection
EndProject
Global
	GlobalSection(SolutionConfigurationPlatforms) = preSolution
		Debug|Any CPU = Debug|Any CPU
		Release|Any CPU = Release|Any CPU
	EndGlobalSection
	GlobalSection(ProjectConfigurationPlatforms) = postSolution
		{22FF6382-B4A4-4259-91B4-7554D0BD050D}.Debug|Any CPU.ActiveCfg = Debug|Any CPU
		{22FF6382-B4A4-4259-91B4-7554D0BD050D}.Debug|Any CPU.Build.0 = Debug|Any CPU
		{22FF6382-B4A4-4259-91B4-7554D0BD050D}.Release|Any CPU.ActiveCfg = Release|Any CPU
		{22FF6382-B4A4-4259-91B4-7554D0BD050D}.Release|Any CPU.Build.0 = Release|Any CPU
		{A2560FE5-D76D-49CD-9D9F-E34B6235B0F3}.Debug|Any CPU.ActiveCfg = Debug|Any CPU
		{A2560FE5-D76D-49CD-9D9F-E34B6235B0F3}.Debug|Any CPU.Build.0 = Debug|Any CPU
		{A2560FE5-D76D-49CD-9D9F-E34B6235B0F3}.Release|Any CPU.ActiveCfg = Release|Any CPU
		{A2560FE5-D76D-49CD-9D9F-E34B6235B0F3}.Release|Any CPU.Build.0 = Release|Any CPU
		{1DEB42E2-18A4-4F48-9443-F20535BCF80F}.Debug|Any CPU.ActiveCfg = Debug|Any CPU
		{1DEB42E2-18A4-4F48-9443-F20535BCF80F}.Debug|Any CPU.Build.0 = Debug|Any CPU
		{1DEB42E2-18A4-4F48-9443-F20535BCF80F}.Release|Any CPU.ActiveCfg = Release|Any CPU
		{1DEB42E2-18A4-4F48-9443-F20535BCF80F}.Release|Any CPU.Build.0 = Release|Any CPU
		{35DE7C5D-017F-4250-9179-B02D9621FC94}.Debug|Any CPU.ActiveCfg = Debug|Any CPU
		{35DE7C5D-017F-4250-9179-B02D9621FC94}.Debug|Any CPU.Build.0 = Debug|Any CPU
		{35DE7C5D-017F-4250-9179-B02D9621FC94}.Release|Any CPU.ActiveCfg = Release|Any CPU
		{35DE7C5D-017F-4250-9179-B02D9621FC94}.Release|Any CPU.Build.0 = Release|Any CPU
		{A0DE117F-2028-4E06-9584-310A7A23F0CA}.Debug|Any CPU.ActiveCfg = Debug|Any CPU
		{A0DE117F-2028-4E06-9584-310A7A23F0CA}.Debug|Any CPU.Build.0 = Debug|Any CPU
		{A0DE117F-2028-4E06-9584-310A7A23F0CA}.Release|Any CPU.ActiveCfg = Release|Any CPU
		{A0DE117F-2028-4E06-9584-310A7A23F0CA}.Release|Any CPU.Build.0 = Release|Any CPU
		{A6FD3285-16AB-4E20-B2A0-52684B45A121}.Debug|Any CPU.ActiveCfg = Debug|Any CPU
		{A6FD3285-16AB-4E20-B2A0-52684B45A121}.Debug|Any CPU.Build.0 = Debug|Any CPU
		{A6FD3285-16AB-4E20-B2A0-52684B45A121}.Release|Any CPU.ActiveCfg = Release|Any CPU
		{A6FD3285-16AB-4E20-B2A0-52684B45A121}.Release|Any CPU.Build.0 = Release|Any CPU
		{079FCFA7-D9B8-41A2-B0C6-953308BA2606}.Debug|Any CPU.ActiveCfg = Debug|Any CPU
		{079FCFA7-D9B8-41A2-B0C6-953308BA2606}.Debug|Any CPU.Build.0 = Debug|Any CPU
		{079FCFA7-D9B8-41A2-B0C6-953308BA2606}.Release|Any CPU.ActiveCfg = Release|Any CPU
		{079FCFA7-D9B8-41A2-B0C6-953308BA2606}.Release|Any CPU.Build.0 = Release|Any CPU
	EndGlobalSection
	GlobalSection(SolutionProperties) = preSolution
		HideSolutionNode = FALSE
	EndGlobalSection
	GlobalSection(ExtensibilityGlobals) = postSolution
		SolutionGuid = {625DDF37-13AB-427E-A59F-58AECBFABC26}
	EndGlobalSection
EndGlobal
